
Microsoft Visual Studio Solution File, Format Version 12.00
# Visual Studio Version 16
VisualStudioVersion = 16.0.31410.357
MinimumVisualStudioVersion = 10.0.40219.1
Project("{FAE04EC0-301F-11D3-BF4B-00C04F79EFBC}") = "TrProtocol", "TrProtocol\TrProtocol.csproj", "{F4A41C2E-2BE0-47F2-9966-5C4E66D98455}"
EndProject
Project("{FAE04EC0-301F-11D3-BF4B-00C04F79EFBC}") = "TrProtocolTest", "TrProtocolTest\TrProtocolTest.csproj", "{4570A208-1AA8-40F1-858D-32C45D1FF22B}"
EndProject
Global
	GlobalSection(SolutionConfigurationPlatforms) = preSolution
		Debug|Any CPU = Debug|Any CPU
		Release|Any CPU = Release|Any CPU
	EndGlobalSection
	GlobalSection(ProjectConfigurationPlatforms) = postSolution
		{F4A41C2E-2BE0-47F2-9966-5C4E66D98455}.Debug|Any CPU.ActiveCfg = Debug|Any CPU
		{F4A41C2E-2BE0-47F2-9966-5C4E66D98455}.Debug|Any CPU.Build.0 = Debug|Any CPU
		{F4A41C2E-2BE0-47F2-9966-5C4E66D98455}.Release|Any CPU.ActiveCfg = Release|Any CPU
		{F4A41C2E-2BE0-47F2-9966-5C4E66D98455}.Release|Any CPU.Build.0 = Release|Any CPU
		{4570A208-1AA8-40F1-858D-32C45D1FF22B}.Debug|Any CPU.ActiveCfg = Debug|Any CPU
		{4570A208-1AA8-40F1-858D-32C45D1FF22B}.Debug|Any CPU.Build.0 = Debug|Any CPU
		{4570A208-1AA8-40F1-858D-32C45D1FF22B}.Release|Any CPU.ActiveCfg = Release|Any CPU
		{4570A208-1AA8-40F1-858D-32C45D1FF22B}.Release|Any CPU.Build.0 = Release|Any CPU
	EndGlobalSection
	GlobalSection(SolutionProperties) = preSolution
		HideSolutionNode = FALSE
	EndGlobalSection
	GlobalSection(ExtensibilityGlobals) = postSolution
		SolutionGuid = {FE03E081-1B49-427D-A82A-4A5903780CC0}
	EndGlobalSection
EndGlobal
